# This file is generated by running "yarn install" inside your project.
# Manual changes might be lost - proceed with caution!

__metadata:
  version: 4
  cacheKey: 7

"@actions/core@npm:1.6.0":
  version: 1.6.0
  resolution: "@actions/core@npm:1.6.0"
  dependencies:
    "@actions/http-client": ^1.0.11
  checksum: 71533cc514e4a158cea7c855610a44376814cc1b897f600aaf97636fc1bf49956bd4f7ef8f1cd04beefe8baa5d001aea40aadafbcbc6b36a62840bc25082e4c4
  languageName: node
  linkType: hard

"@actions/github@npm:4.0.0":
  version: 4.0.0
  resolution: "@actions/github@npm:4.0.0"
  dependencies:
    "@actions/http-client": ^1.0.8
    "@octokit/core": ^3.0.0
    "@octokit/plugin-paginate-rest": ^2.2.3
    "@octokit/plugin-rest-endpoint-methods": ^4.0.0
  checksum: 49d606acd5b74a2f3e41c76d5a5d54341943e43b79cb94639c6c01d228263a4a287ac43d02d6c872336ab02962d0a7904b1a821bb5d5966498a78c954e34c3f2
  languageName: node
  linkType: hard

"@actions/http-client@npm:^1.0.11":
  version: 1.0.11
  resolution: "@actions/http-client@npm:1.0.11"
  dependencies:
    tunnel: 0.0.6
  checksum: ccd0ae6ce99662e31daf1f5cb6b5130cc10ac9a3d4f2de74c54031cf13cd191dbbf0719e60e74f724f073f27af4cb9f393218d92f7f70c0b6e23bb1962c386e3
  languageName: node
  linkType: hard

"@actions/http-client@npm:^1.0.8":
  version: 1.0.9
  resolution: "@actions/http-client@npm:1.0.9"
  dependencies:
    tunnel: 0.0.6
  checksum: f6d3947c09b9adbc9798ccecdf19fda025be132c70bc0bb5791df87547870594773fabe5c89ee29306cf08f8ca9378f5d615d991b31d64e521bb22e3a31c355f
  languageName: node
  linkType: hard

"@octokit/auth-token@npm:^2.4.4":
  version: 2.4.4
  resolution: "@octokit/auth-token@npm:2.4.4"
  dependencies:
    "@octokit/types": ^6.0.0
  checksum: a2911a58bdcee7c996dc02ac152c3d6318401c41c3899ad4286b379da273700680c97561ed9cf87ee792abf2cf2b439f63d43b33778ca991dfc751994e4d5544
  languageName: node
  linkType: hard

"@octokit/core@npm:^3.0.0":
  version: 3.2.4
  resolution: "@octokit/core@npm:3.2.4"
  dependencies:
    "@octokit/auth-token": ^2.4.4
    "@octokit/graphql": ^4.5.8
    "@octokit/request": ^5.4.12
    "@octokit/types": ^6.0.3
    before-after-hook: ^2.1.0
    universal-user-agent: ^6.0.0
  checksum: fb76c14bfdd934daa00f2d015a2d7af41ead2c50fe7359fa8283a140f833a28a6a23d2b3c541dc92d06aa69aea34d4c3d3aeea2eb8628bdaf899b19693f235c9
  languageName: node
  linkType: hard

"@octokit/endpoint@npm:^6.0.1":
  version: 6.0.10
  resolution: "@octokit/endpoint@npm:6.0.10"
  dependencies:
    "@octokit/types": ^6.0.0
    is-plain-object: ^5.0.0
    universal-user-agent: ^6.0.0
  checksum: e73ddbed6b02344924b101c47f2b7589e2ec0812623cc80be748d31a3308c2fcb2736d7696de64095b4f49da454160146bbb92322d1d62d66b064ce8ce213d99
  languageName: node
  linkType: hard

"@octokit/graphql@npm:^4.5.8":
  version: 4.5.8
  resolution: "@octokit/graphql@npm:4.5.8"
  dependencies:
    "@octokit/request": ^5.3.0
    "@octokit/types": ^6.0.0
    universal-user-agent: ^6.0.0
  checksum: d29ec8a5ec51238b2f149ede5c760106e549def000fd0a42fadc23297c5b762732153957507a63a84cdbaaffd481951e530ffca384bc5a5c0fea01d2fa735171
  languageName: node
  linkType: hard

"@octokit/openapi-types@npm:^2.0.1":
  version: 2.0.1
  resolution: "@octokit/openapi-types@npm:2.0.1"
  checksum: f4a61045cf7bb312e2d472bd7a0fe2fece651bb8c5b7810fb15b895990017feee2b55af3943e438c75db91e677b508d323338ddc0ad38c6f382cbb383de8385d
  languageName: node
  linkType: hard

"@octokit/plugin-paginate-rest@npm:^2.2.3":
  version: 2.6.2
  resolution: "@octokit/plugin-paginate-rest@npm:2.6.2"
  dependencies:
    "@octokit/types": ^6.0.1
  peerDependencies:
    "@octokit/core": ">=2"
  checksum: 9ea8462bf71da084af23385ca07f7c22f639680d3a7ed77b47ab5a349641cbfe542c3755b56e0491d46704725321ff4316ab6bfde7685bfad2243950c674822b
  languageName: node
  linkType: hard

"@octokit/plugin-rest-endpoint-methods@npm:^4.0.0":
  version: 4.4.1
  resolution: "@octokit/plugin-rest-endpoint-methods@npm:4.4.1"
  dependencies:
    "@octokit/types": ^6.1.0
    deprecation: ^2.3.1
  peerDependencies:
    "@octokit/core": ">=3"
  checksum: a19bca83c674aa217cd57063b9b39f140dcc0c55698bf7bae33618098909d32a6ea7cb20729436467e8d0b6b80cc5a98930f984366bd9b05ac1c0eb53b2e13a8
  languageName: node
  linkType: hard

"@octokit/request-error@npm:^2.0.0":
  version: 2.0.4
  resolution: "@octokit/request-error@npm:2.0.4"
  dependencies:
    "@octokit/types": ^6.0.0
    deprecation: ^2.0.0
    once: ^1.4.0
  checksum: 5761659a66aba76a238f97d8e1a995e0745fe3aa7cf86daa42c07d339cc6353e3818c74e5a58c923f72a77f490d137cb20398532c263919d922b02477dd3ee03
  languageName: node
  linkType: hard

"@octokit/request@npm:^5.3.0, @octokit/request@npm:^5.4.12":
  version: 5.4.12
  resolution: "@octokit/request@npm:5.4.12"
  dependencies:
    "@octokit/endpoint": ^6.0.1
    "@octokit/request-error": ^2.0.0
    "@octokit/types": ^6.0.3
    deprecation: ^2.0.0
    is-plain-object: ^5.0.0
    node-fetch: ^2.6.1
    once: ^1.4.0
    universal-user-agent: ^6.0.0
  checksum: 7a98c8c7f91671f25f9211e071e881d31e8a4e7f1078954b71374b1b5923001eb979f4c511bc25dde1632143c09586c85de67ba1ab1268ee663db5dfa4d48ef5
  languageName: node
  linkType: hard

"@octokit/types@npm:^6.0.0, @octokit/types@npm:^6.0.1, @octokit/types@npm:^6.0.3, @octokit/types@npm:^6.1.0":
  version: 6.1.2
  resolution: "@octokit/types@npm:6.1.2"
  dependencies:
    "@octokit/openapi-types": ^2.0.1
    "@types/node": ">= 8"
  checksum: a8bad12aa859f6b0a2160d84e95f98749c7f9074aec4505ce80822ef025ff97bf9d942bbe817d78142b99a1d6b18c7ce7ac15bcd16d223143d5b6960bc7de851
  languageName: node
  linkType: hard

"@types/node@npm:>= 8":
  version: 14.14.16
  resolution: "@types/node@npm:14.14.16"
  checksum: 220a7496ec73861ad7fb4ae762618bb46ac9d5d5f92f3a2fcebfd1a81a509ff558eface7bcd1d632598a8a28f856a74b324e7165918e8334a59c221cb06d15e3
  languageName: node
  linkType: hard

"badge@workspace:.":
  version: 0.0.0-use.local
  resolution: "badge@workspace:."
  dependencies:
    "@actions/core": 1.6.0
    "@actions/github": 4.0.0
  languageName: unknown
  linkType: soft

"before-after-hook@npm:^2.1.0":
  version: 2.1.0
  resolution: "before-after-hook@npm:2.1.0"
  checksum: 4df7ef0992ef7c5d8689a50bba12349789ab6da12203cd92c78dd5eb22e725694fd3602cff15ab85285a744c5d6106f3fbdc203f0cb6262cd3bebe42a763c3fd
  languageName: node
  linkType: hard

"deprecation@npm:^2.0.0, deprecation@npm:^2.3.1":
  version: 2.3.1
  resolution: "deprecation@npm:2.3.1"
  checksum: 59343a0b927c5b6f67abb899fda68bf42b132c05ef1a985952c1e220c41fe5035b2d54a28c7c2a8b5239075d1dc25c83340242ada75f1c06c1bb047176f05f9b
  languageName: node
  linkType: hard

"is-plain-object@npm:^5.0.0":
  version: 5.0.0
  resolution: "is-plain-object@npm:5.0.0"
  checksum: 92bd87f095036fb6ef21fcba4e66734bba1457fc4abece5873bd1fba130c44fa8a4df64a2ef7841da638680af18e1ad2e5fac1095bed3578d0da0afc1f04bcf3
  languageName: node
  linkType: hard

"node-fetch@npm:^2.6.1":
  version: 2.6.1
  resolution: "node-fetch@npm:2.6.1"
  checksum: cbb171635e538162b977eac5dfe7a1e07a9a02e991924377a6435502291e2f823d306b95aabc455caebf4a118ccf836868462bc70ccc3095af02bb9da61fda37
  languageName: node
  linkType: hard

"once@npm:^1.4.0":
  version: 1.4.0
  resolution: "once@npm:1.4.0"
  dependencies:
    wrappy: 1
  checksum: 57afc246536cf6494437f982b26475f22bee860f8b77ce8eb1543f42a8bffe04b2c66ddfea9a16cb25ccb80943f8ee4fc639367ef97b7a6a4f2672eb573963f5
  languageName: node
  linkType: hard

"tunnel@npm:0.0.6":
  version: 0.0.6
  resolution: "tunnel@npm:0.0.6"
  checksum: 78fbb1a55a44fc8de6a497923bf7bf6e7b14b396e0ddaf11fe624ab7f646a0d2ada03f6dcb4a80940faed9649e30d229114f218e8906badd12ded2323a6f666b
  languageName: node
  linkType: hard

"universal-user-agent@npm:^6.0.0":
  version: 6.0.0
  resolution: "universal-user-agent@npm:6.0.0"
  checksum: 725797ab636f1786a824f805eca2b227019ae8e82fdbe03e3e26a7f2917669bfcf7ef723c7d4b2c60a5e1603108d32bec3987b4f52821360523cb609fb7ae782
  languageName: node
  linkType: hard

"wrappy@npm:1":
  version: 1.0.2
  resolution: "wrappy@npm:1.0.2"
  checksum: 519fcda0fcdf0c16327be2de9d98646742307bc830277e8868529fcf7566f2b330a6453c233e0cdcb767d5838dd61a90984a02ecc983bcddebea5ad0833bbf98
  languageName: node
  linkType: hard
